version = 1
requires-python = ">=3.11"

[[package]]
name = "ansicolors"
version = "1.1.8"
source = { registry = "https://pypi.org/simple" }
sdist = { url = "https://files.pythonhosted.org/packages/76/31/7faed52088732704523c259e24c26ce6f2f33fbeff2ff59274560c27628e/ansicolors-1.1.8.zip", hash = "sha256:99f94f5e3348a0bcd43c82e5fc4414013ccc19d70bd939ad71e0133ce9c372e0", size = 23027 }
wheels = [
    { url = "https://files.pythonhosted.org/packages/53/18/a56e2fe47b259bb52201093a3a9d4a32014f9d85071ad07e9d60600890ca/ansicolors-1.1.8-py2.py3-none-any.whl", hash = "sha256:00d2dde5a675579325902536738dd27e4fac1fd68f773fe36c21044eb559e187", size = 13847 },
]

[[package]]
name = "uv-blubber"
version = "0.1.0"
source = { virtual = "." }
dependencies = [
    { name = "ansicolors" },
]

[package.metadata]
requires-dist = [{ name = "ansicolors", specifier = ">=1.1.8" }]
